PODS:
  - AMRatingControl (1.3.0)
  - MagicalRecord/Shorthand (2.2)

DEPENDENCIES:
  - AMRatingControl (~> 1.3.0)
  - MagicalRecord/Shorthand

SPEC CHECKSUMS:
  AMRatingControl: f209fd394188ba48a818f2df091db438123db362
  MagicalRecord: 2dc87179ae7c1f2a274442624ec65a07d4357a6f

PODFILE CHECKSUM: 353acf3620715873a2e6c9f1a6aeb8619d5b7b09

COCOAPODS: 1.0.1
